
Microsoft Visual Studio Solution File, Format Version 12.00
# Visual Studio Version 17
VisualStudioVersion = 17.14.36429.23 d17.14
MinimumVisualStudioVersion = 10.0.40219.1
Project("{FAE04EC0-301F-11D3-BF4B-00C04F79EFBC}") = "Proje", "Proje\Proje.csproj", "{28627617-FC6D-4195-9772-3D0AD6A2266C}"
EndProject
Global
	GlobalSection(SolutionConfigurationPlatforms) = preSolution
		Debug|Any CPU = Debug|Any CPU
		Release|Any CPU = Release|Any CPU
	EndGlobalSection
	GlobalSection(ProjectConfigurationPlatforms) = postSolution
		{28627617-FC6D-4195-9772-3D0AD6A2266C}.Debug|Any CPU.ActiveCfg = Debug|Any CPU
		{28627617-FC6D-4195-9772-3D0AD6A2266C}.Debug|Any CPU.Build.0 = Debug|Any CPU
		{28627617-FC6D-4195-9772-3D0AD6A2266C}.Release|Any CPU.ActiveCfg = Release|Any CPU
		{28627617-FC6D-4195-9772-3D0AD6A2266C}.Release|Any CPU.Build.0 = Release|Any CPU
	EndGlobalSection
	GlobalSection(SolutionProperties) = preSolution
		HideSolutionNode = FALSE
	EndGlobalSection
	GlobalSection(ExtensibilityGlobals) = postSolution
		SolutionGuid = {3CF02206-CEB1-43FA-9345-19229EA27BA0}
	EndGlobalSection
EndGlobal
